
Microsoft Visual Studio Solution File, Format Version 12.00
# Visual Studio Version 17
VisualStudioVersion = 17.11.35327.3
MinimumVisualStudioVersion = 10.0.40219.1
Project("{FAE04EC0-301F-11D3-BF4B-00C04F79EFBC}") = "CountryDirectoryApp_CloudDb", "CountryDirectoryApp_CloudDb\CountryDirectoryApp_CloudDb.csproj", "{361431DA-33ED-492F-B58F-505D1FBA68A9}"
EndProject
Global
	GlobalSection(SolutionConfigurationPlatforms) = preSolution
		Debug|Any CPU = Debug|Any CPU
		Release|Any CPU = Release|Any CPU
	EndGlobalSection
	GlobalSection(ProjectConfigurationPlatforms) = postSolution
		{361431DA-33ED-492F-B58F-505D1FBA68A9}.Debug|Any CPU.ActiveCfg = Debug|Any CPU
		{361431DA-33ED-492F-B58F-505D1FBA68A9}.Debug|Any CPU.Build.0 = Debug|Any CPU
		{361431DA-33ED-492F-B58F-505D1FBA68A9}.Release|Any CPU.ActiveCfg = Release|Any CPU
		{361431DA-33ED-492F-B58F-505D1FBA68A9}.Release|Any CPU.Build.0 = Release|Any CPU
	EndGlobalSection
	GlobalSection(SolutionProperties) = preSolution
		HideSolutionNode = FALSE
	EndGlobalSection
	GlobalSection(ExtensibilityGlobals) = postSolution
		SolutionGuid = {34ADD6D7-88D6-4242-9A36-DC6E207B9902}
	EndGlobalSection
EndGlobal
